
Microsoft Visual Studio Solution File, Format Version 12.00
# Visual Studio Version 16
VisualStudioVersion = 16.0.31205.134
MinimumVisualStudioVersion = 10.0.40219.1
Project("{FAE04EC0-301F-11D3-BF4B-00C04F79EFBC}") = "FinalProj_Helper", "FinalProj_Helper.csproj", "{E92A6202-6AA3-470F-BB45-151525A61425}"
EndProject
Project("{FAE04EC0-301F-11D3-BF4B-00C04F79EFBC}") = "Standards", "Standards\Standards.csproj", "{2B64C297-C47A-4FA5-9411-8046F1E562E9}"
EndProject
Project("{FAE04EC0-301F-11D3-BF4B-00C04F79EFBC}") = "Helpee", "Helpee\Helpee.csproj", "{B1971238-9240-4318-899C-74D365B31A3C}"
EndProject
Global
	GlobalSection(SolutionConfigurationPlatforms) = preSolution
		Debug|Any CPU = Debug|Any CPU
		Debug|x64 = Debug|x64
		Release|Any CPU = Release|Any CPU
		Release|x64 = Release|x64
	EndGlobalSection
	GlobalSection(ProjectConfigurationPlatforms) = postSolution
		{E92A6202-6AA3-470F-BB45-151525A61425}.Debug|Any CPU.ActiveCfg = Debug|Any CPU
		{E92A6202-6AA3-470F-BB45-151525A61425}.Debug|Any CPU.Build.0 = Debug|Any CPU
		{E92A6202-6AA3-470F-BB45-151525A61425}.Debug|x64.ActiveCfg = Debug|x64
		{E92A6202-6AA3-470F-BB45-151525A61425}.Debug|x64.Build.0 = Debug|x64
		{E92A6202-6AA3-470F-BB45-151525A61425}.Release|Any CPU.ActiveCfg = Release|Any CPU
		{E92A6202-6AA3-470F-BB45-151525A61425}.Release|Any CPU.Build.0 = Release|Any CPU
		{E92A6202-6AA3-470F-BB45-151525A61425}.Release|x64.ActiveCfg = Release|x64
		{E92A6202-6AA3-470F-BB45-151525A61425}.Release|x64.Build.0 = Release|x64
		{2B64C297-C47A-4FA5-9411-8046F1E562E9}.Debug|Any CPU.ActiveCfg = Debug|Any CPU
		{2B64C297-C47A-4FA5-9411-8046F1E562E9}.Debug|Any CPU.Build.0 = Debug|Any CPU
		{2B64C297-C47A-4FA5-9411-8046F1E562E9}.Debug|x64.ActiveCfg = Debug|x64
		{2B64C297-C47A-4FA5-9411-8046F1E562E9}.Debug|x64.Build.0 = Debug|x64
		{2B64C297-C47A-4FA5-9411-8046F1E562E9}.Release|Any CPU.ActiveCfg = Release|Any CPU
		{2B64C297-C47A-4FA5-9411-8046F1E562E9}.Release|Any CPU.Build.0 = Release|Any CPU
		{2B64C297-C47A-4FA5-9411-8046F1E562E9}.Release|x64.ActiveCfg = Release|x64
		{2B64C297-C47A-4FA5-9411-8046F1E562E9}.Release|x64.Build.0 = Release|x64
		{B1971238-9240-4318-899C-74D365B31A3C}.Debug|Any CPU.ActiveCfg = Debug|Any CPU
		{B1971238-9240-4318-899C-74D365B31A3C}.Debug|Any CPU.Build.0 = Debug|Any CPU
		{B1971238-9240-4318-899C-74D365B31A3C}.Debug|x64.ActiveCfg = Debug|x64
		{B1971238-9240-4318-899C-74D365B31A3C}.Debug|x64.Build.0 = Debug|x64
		{B1971238-9240-4318-899C-74D365B31A3C}.Release|Any CPU.ActiveCfg = Release|Any CPU
		{B1971238-9240-4318-899C-74D365B31A3C}.Release|Any CPU.Build.0 = Release|Any CPU
		{B1971238-9240-4318-899C-74D365B31A3C}.Release|x64.ActiveCfg = Release|x64
		{B1971238-9240-4318-899C-74D365B31A3C}.Release|x64.Build.0 = Release|x64
	EndGlobalSection
	GlobalSection(SolutionProperties) = preSolution
		HideSolutionNode = FALSE
	EndGlobalSection
	GlobalSection(ExtensibilityGlobals) = postSolution
		SolutionGuid = {78C134FC-D43B-4FAB-9195-3F17ECAD1F6C}
	EndGlobalSection
EndGlobal
